{
  "nodes": {
    "business-operations": {
      "inputs": {
        "flake-utils": "flake-utils",
        "k0s-nix": "k0s-nix",
        "nixpkgs": "nixpkgs"
      },
      "locked": {
        "lastModified": 1772608869,
        "narHash": "sha256-96SGYeV0/VViKrRhz5ssmLoM/R8V/SaLoEQLTPcOkrM=",
        "ref": "refs/heads/main",
        "rev": "b94271e2ca168320bafe8493de7d9062fb9c2d3a",
        "revCount": 127,
        "type": "git",
        "url": "https://codeberg.org/business-operations/business-operations"
      },
      "original": {
        "type": "git",
        "url": "https://codeberg.org/business-operations/business-operations"
      }
    },
    "disko": {
      "inputs": {
        "nixpkgs": [
          "nixpkgs"
        ]
      },
      "locked": {
        "lastModified": 1769524058,
        "narHash": "sha256-zygdD6X1PcVNR2PsyK4ptzrVEiAdbMqLos7utrMDEWE=",
        "owner": "nix-community",
        "repo": "disko",
        "rev": "71a3fc97d80881e91710fe721f1158d3b96ae14d",
        "type": "github"
      },
      "original": {
        "owner": "nix-community",
        "repo": "disko",
        "type": "github"
      }
    },
    "flake-utils": {
      "inputs": {
        "systems": "systems"
      },
      "locked": {
        "lastModified": 1731533236,
        "narHash": "sha256-l0KFg5HjrsfsO/JpG+r7fRrqm12kzFHyUHqHCVpMMbI=",
        "owner": "numtide",
        "repo": "flake-utils",
        "rev": "11707dc2f618dd54ca8739b309ec4fc024de578b",
        "type": "github"
      },
      "original": {
        "owner": "numtide",
        "repo": "flake-utils",
        "type": "github"
      }
    },
    "k0s-nix": {
      "inputs": {
        "nixpkgs": [
          "business-operations",
          "nixpkgs"
        ]
      },
      "locked": {
        "lastModified": 1771962890,
        "narHash": "sha256-w5z8AjaWRRVkfztdV/8Qkwsc8pOrW5QyiXst7cHG85U=",
        "owner": "johbo",
        "repo": "k0s-nix",
        "rev": "4bdc2edc05e401bd1766ad64d4092e6e5ccfdf75",
        "type": "github"
      },
      "original": {
        "owner": "johbo",
        "ref": "expose-unitname",
        "repo": "k0s-nix",
        "type": "github"
      }
    },
    "k0s-nix_2": {
      "inputs": {
        "nixpkgs": [
          "nixpkgs"
        ]
      },
      "locked": {
        "lastModified": 1771962890,
        "narHash": "sha256-w5z8AjaWRRVkfztdV/8Qkwsc8pOrW5QyiXst7cHG85U=",
        "owner": "johbo",
        "repo": "k0s-nix",
        "rev": "4bdc2edc05e401bd1766ad64d4092e6e5ccfdf75",
        "type": "github"
      },
      "original": {
        "owner": "johbo",
        "ref": "expose-unitname",
        "repo": "k0s-nix",
        "type": "github"
      }
    },
    "nixpkgs": {
      "locked": {
        "lastModified": 1770136044,
        "narHash": "sha256-tlFqNG/uzz2++aAmn4v8J0vAkV3z7XngeIIB3rM3650=",
        "owner": "NixOS",
        "repo": "nixpkgs",
        "rev": "e576e3c9cf9bad747afcddd9e34f51d18c855b4e",
        "type": "github"
      },
      "original": {
        "owner": "NixOS",
        "ref": "nixos-25.11",
        "repo": "nixpkgs",
        "type": "github"
      }
    },
    "nixpkgs_2": {
      "locked": {
        "lastModified": 1770136044,
        "narHash": "sha256-tlFqNG/uzz2++aAmn4v8J0vAkV3z7XngeIIB3rM3650=",
        "owner": "NixOS",
        "repo": "nixpkgs",
        "rev": "e576e3c9cf9bad747afcddd9e34f51d18c855b4e",
        "type": "github"
      },
      "original": {
        "owner": "NixOS",
        "ref": "nixos-25.11",
        "repo": "nixpkgs",
        "type": "github"
      }
    },
    "root": {
      "inputs": {
        "business-operations": "business-operations",
        "disko": "disko",
        "k0s-nix": "k0s-nix_2",
        "nixpkgs": "nixpkgs_2"
      }
    },
    "systems": {
      "locked": {
        "lastModified": 1681028828,
        "narHash": "sha256-Vy1rq5AaRuLzOxct8nz4T6wlgyUR7zLU309k9mBC768=",
        "owner": "nix-systems",
        "repo": "default",
        "rev": "da67096a3b9bf56a91d16901293e51ba5b49a27e",
        "type": "github"
      },
      "original": {
        "owner": "nix-systems",
        "repo": "default",
        "type": "github"
      }
    }
  },
  "root": "root",
  "version": 7
}
